
Microsoft Visual Studio Solution File, Format Version 12.00
# Visual Studio Version 17
VisualStudioVersion = 17.7.34031.279
MinimumVisualStudioVersion = 10.0.40219.1
Project("{FAE04EC0-301F-11D3-BF4B-00C04F79EFBC}") = "Project Work 2", "Project Work 2\Project Work 2.csproj", "{8ADCB7A9-990B-461C-BAEA-E078BE0655F0}"
EndProject
Project("{FAE04EC0-301F-11D3-BF4B-00C04F79EFBC}") = "Logic", "Logic\Logic.csproj", "{282900CE-3A1D-4FA4-B327-A7B8E7F92DA3}"
EndProject
Project("{FAE04EC0-301F-11D3-BF4B-00C04F79EFBC}") = "ModelLayer", "ModelLayer\ModelLayer.csproj", "{33797883-7EBC-41E9-AAC3-8EC5DC646BA1}"
EndProject
Project("{FAE04EC0-301F-11D3-BF4B-00C04F79EFBC}") = "DAL", "DALDapper\DAL.csproj", "{13F0E21E-E113-42F8-9A52-E7B5DAC1B182}"
EndProject
Project("{FAE04EC0-301F-11D3-BF4B-00C04F79EFBC}") = "WindowsFormsApp1", "WindowsFormsApp1\WindowsFormsApp1.csproj", "{9159581F-FF84-4733-A7DD-A6C2CF79662D}"
EndProject
Global
	GlobalSection(SolutionConfigurationPlatforms) = preSolution
		Debug|Any CPU = Debug|Any CPU
		Release|Any CPU = Release|Any CPU
	EndGlobalSection
	GlobalSection(ProjectConfigurationPlatforms) = postSolution
		{8ADCB7A9-990B-461C-BAEA-E078BE0655F0}.Debug|Any CPU.ActiveCfg = Debug|Any CPU
		{8ADCB7A9-990B-461C-BAEA-E078BE0655F0}.Debug|Any CPU.Build.0 = Debug|Any CPU
		{8ADCB7A9-990B-461C-BAEA-E078BE0655F0}.Release|Any CPU.ActiveCfg = Release|Any CPU
		{8ADCB7A9-990B-461C-BAEA-E078BE0655F0}.Release|Any CPU.Build.0 = Release|Any CPU
		{282900CE-3A1D-4FA4-B327-A7B8E7F92DA3}.Debug|Any CPU.ActiveCfg = Debug|Any CPU
		{282900CE-3A1D-4FA4-B327-A7B8E7F92DA3}.Debug|Any CPU.Build.0 = Debug|Any CPU
		{282900CE-3A1D-4FA4-B327-A7B8E7F92DA3}.Release|Any CPU.ActiveCfg = Release|Any CPU
		{282900CE-3A1D-4FA4-B327-A7B8E7F92DA3}.Release|Any CPU.Build.0 = Release|Any CPU
		{33797883-7EBC-41E9-AAC3-8EC5DC646BA1}.Debug|Any CPU.ActiveCfg = Debug|Any CPU
		{33797883-7EBC-41E9-AAC3-8EC5DC646BA1}.Debug|Any CPU.Build.0 = Debug|Any CPU
		{33797883-7EBC-41E9-AAC3-8EC5DC646BA1}.Release|Any CPU.ActiveCfg = Release|Any CPU
		{33797883-7EBC-41E9-AAC3-8EC5DC646BA1}.Release|Any CPU.Build.0 = Release|Any CPU
		{13F0E21E-E113-42F8-9A52-E7B5DAC1B182}.Debug|Any CPU.ActiveCfg = Debug|Any CPU
		{13F0E21E-E113-42F8-9A52-E7B5DAC1B182}.Debug|Any CPU.Build.0 = Debug|Any CPU
		{13F0E21E-E113-42F8-9A52-E7B5DAC1B182}.Release|Any CPU.ActiveCfg = Release|Any CPU
		{13F0E21E-E113-42F8-9A52-E7B5DAC1B182}.Release|Any CPU.Build.0 = Release|Any CPU
		{9159581F-FF84-4733-A7DD-A6C2CF79662D}.Debug|Any CPU.ActiveCfg = Debug|Any CPU
		{9159581F-FF84-4733-A7DD-A6C2CF79662D}.Debug|Any CPU.Build.0 = Debug|Any CPU
		{9159581F-FF84-4733-A7DD-A6C2CF79662D}.Release|Any CPU.ActiveCfg = Release|Any CPU
		{9159581F-FF84-4733-A7DD-A6C2CF79662D}.Release|Any CPU.Build.0 = Release|Any CPU
	EndGlobalSection
	GlobalSection(SolutionProperties) = preSolution
		HideSolutionNode = FALSE
	EndGlobalSection
	GlobalSection(ExtensibilityGlobals) = postSolution
		SolutionGuid = {F6F1B786-C635-44F9-BCCC-7921259A531F}
	EndGlobalSection
EndGlobal
